
Microsoft Visual Studio Solution File, Format Version 12.00
# Visual Studio Version 16
VisualStudioVersion = 16.0.29209.62
MinimumVisualStudioVersion = 10.0.40219.1
Project("{FAE04EC0-301F-11D3-BF4B-00C04F79EFBC}") = "HelloApp_Git", "HelloApp_Git\HelloApp_Git.csproj", "{B44FAFB2-7A00-4B15-8A0E-AF7E34CC1BAD}"
EndProject
Global
	GlobalSection(SolutionConfigurationPlatforms) = preSolution
		Debug|Any CPU = Debug|Any CPU
		Release|Any CPU = Release|Any CPU
	EndGlobalSection
	GlobalSection(ProjectConfigurationPlatforms) = postSolution
		{B44FAFB2-7A00-4B15-8A0E-AF7E34CC1BAD}.Debug|Any CPU.ActiveCfg = Debug|Any CPU
		{B44FAFB2-7A00-4B15-8A0E-AF7E34CC1BAD}.Debug|Any CPU.Build.0 = Debug|Any CPU
		{B44FAFB2-7A00-4B15-8A0E-AF7E34CC1BAD}.Release|Any CPU.ActiveCfg = Release|Any CPU
		{B44FAFB2-7A00-4B15-8A0E-AF7E34CC1BAD}.Release|Any CPU.Build.0 = Release|Any CPU
	EndGlobalSection
	GlobalSection(SolutionProperties) = preSolution
		HideSolutionNode = FALSE
	EndGlobalSection
	GlobalSection(ExtensibilityGlobals) = postSolution
		SolutionGuid = {FF05ED3F-250F-4DAF-9BFE-64E7BE7CCB92}
	EndGlobalSection
EndGlobal
